
Microsoft Visual Studio Solution File, Format Version 12.00
# Visual Studio Version 17
VisualStudioVersion = 17.0.32126.317
MinimumVisualStudioVersion = 10.0.40219.1
Project("{FAE04EC0-301F-11D3-BF4B-00C04F79EFBC}") = "PetService", "PetService.csproj", "{2D335206-02B8-4BF8-A6EA-5831B39A6E1A}"
EndProject
Global
	GlobalSection(SolutionConfigurationPlatforms) = preSolution
		Debug|Any CPU = Debug|Any CPU
		Release|Any CPU = Release|Any CPU
	EndGlobalSection
	GlobalSection(ProjectConfigurationPlatforms) = postSolution
		{2D335206-02B8-4BF8-A6EA-5831B39A6E1A}.Debug|Any CPU.ActiveCfg = Debug|Any CPU
		{2D335206-02B8-4BF8-A6EA-5831B39A6E1A}.Debug|Any CPU.Build.0 = Debug|Any CPU
		{2D335206-02B8-4BF8-A6EA-5831B39A6E1A}.Release|Any CPU.ActiveCfg = Release|Any CPU
		{2D335206-02B8-4BF8-A6EA-5831B39A6E1A}.Release|Any CPU.Build.0 = Release|Any CPU
	EndGlobalSection
	GlobalSection(SolutionProperties) = preSolution
		HideSolutionNode = FALSE
	EndGlobalSection
	GlobalSection(ExtensibilityGlobals) = postSolution
		SolutionGuid = {9BAF2C35-30D4-4BE6-B10C-4B288DBF3CD3}
	EndGlobalSection
EndGlobal
