
Microsoft Visual Studio Solution File, Format Version 12.00
# Visual Studio Version 17
VisualStudioVersion = 17.0.32126.317
MinimumVisualStudioVersion = 10.0.40219.1
Project("{FAE04EC0-301F-11D3-BF4B-00C04F79EFBC}") = "PetServiceBlazor", "PetServiceBlazor.csproj", "{9CD3A149-94BB-4FD1-80BD-B4D7A680F16D}"
EndProject
Global
	GlobalSection(SolutionConfigurationPlatforms) = preSolution
		Debug|Any CPU = Debug|Any CPU
		Release|Any CPU = Release|Any CPU
	EndGlobalSection
	GlobalSection(ProjectConfigurationPlatforms) = postSolution
		{9CD3A149-94BB-4FD1-80BD-B4D7A680F16D}.Debug|Any CPU.ActiveCfg = Debug|Any CPU
		{9CD3A149-94BB-4FD1-80BD-B4D7A680F16D}.Debug|Any CPU.Build.0 = Debug|Any CPU
		{9CD3A149-94BB-4FD1-80BD-B4D7A680F16D}.Release|Any CPU.ActiveCfg = Release|Any CPU
		{9CD3A149-94BB-4FD1-80BD-B4D7A680F16D}.Release|Any CPU.Build.0 = Release|Any CPU
	EndGlobalSection
	GlobalSection(SolutionProperties) = preSolution
		HideSolutionNode = FALSE
	EndGlobalSection
	GlobalSection(ExtensibilityGlobals) = postSolution
		SolutionGuid = {3DDE2100-4079-41EF-9CDD-2BA5838A9678}
	EndGlobalSection
EndGlobal
